// !$*UTF8*$!
{
	archiveVersion = 1;
	classes = {
	};
	objectVersion = 46;
	objects = {

/* Begin PBXBuildFile section */
		FB4351201F73841B0067F319 /* AppDelegate.swift in Sources */ = {isa = PBXBuildFile; fileRef = FB43511F1F73841B0067F319 /* AppDelegate.swift */; };
		FB4351221F73841B0067F319 /* ViewController.swift in Sources */ = {isa = PBXBuildFile; fileRef = FB4351211F73841B0067F319 /* ViewController.swift */; };
		FB4351251F73841B0067F319 /* Main.storyboard in Resources */ = {isa = PBXBuildFile; fileRef = FB4351231F73841B0067F319 /* Main.storyboard */; };
		FB4351271F73841B0067F319 /* Assets.xcassets in Resources */ = {isa = PBXBuildFile; fileRef = FB4351261F73841B0067F319 /* Assets.xcassets */; };
		FB43512A1F73841B0067F319 /* LaunchScreen.storyboard in Resources */ = {isa = PBXBuildFile; fileRef = FB4351281F73841B0067F319 /* LaunchScreen.storyboard */; };
/* End PBXBuildFile section */

/* Begin PBXFileReference section */
		FB43511C1F73841B0067F319 /* IosStartUpKit.app */ = {isa = PBXFileReference; explicitFileType = wrapper.application; includeInIndex = 0; path = IosStartUpKit.app; sourceTree = BUILT_PRODUCTS_DIR; };
		FB43511F1F73841B0067F319 /* AppDelegate.swift */ = {isa = PBXFileReference; lastKnownFileType = sourcecode.swift; path = AppDelegate.swift; sourceTree = "<group>"; };
		FB4351211F73841B0067F319 /* ViewController.swift */ = {isa = PBXFileReference; lastKnownFileType = sourcecode.swift; path = ViewController.swift; sourceTree = "<group>"; };
		FB4351241F73841B0067F319 /* Base */ = {isa = PBXFileReference; lastKnownFileType = file.storyboard; name = Base; path = Base.lproj/Main.storyboard; sourceTree = "<group>"; };
		FB4351261F73841B0067F319 /* Assets.xcassets */ = {isa = PBXFileReference; lastKnownFileType = folder.assetcatalog; path = Assets.xcassets; sourceTree = "<group>"; };
		FB4351291F73841B0067F319 /* Base */ = {isa = PBXFileReference; lastKnownFileType = file.storyboard; name = Base; path = Base.lproj/LaunchScreen.storyboard; sourceTree = "<group>"; };
		FB43512B1F73841B0067F319 /* Info.plist */ = {isa = PBXFileReference; lastKnownFileType = text.plist.xml; path = Info.plist; sourceTree = "<group>"; };
/* End PBXFileReference section */

/* Begin PBXFrameworksBuildPhase section */
		FB4351191F73841B0067F319 /* Frameworks */ = {
			isa = PBXFrameworksBuildPhase;
			buildActionMask = 2147483647;
			files = (
			);
			runOnlyForDeploymentPostprocessing = 0;
		};
/* End PBXFrameworksBuildPhase section */

/* Begin PBXGroup section */
		FB4351131F73841B0067F319 = {
			isa = PBXGroup;
			children = (
				FB43511E1F73841B0067F319 /* IosStartUpKit */,
				FB43511D1F73841B0067F319 /* Products */,
			);
			sourceTree = "<group>";
		};
		FB43511D1F73841B0067F319 /* Products */ = {
			isa = PBXGroup;
			children = (
				FB43511C1F73841B0067F319 /* IosStartUpKit.app */,
			);
			name = Products;
			sourceTree = "<group>";
		};
		FB43511E1F73841B0067F319 /* IosStartUpKit */ = {
			isa = PBXGroup;
			children = (
				FB43511F1F73841B0067F319 /* AppDelegate.swift */,
				FB4351211F73841B0067F319 /* ViewController.swift */,
				FB4351231F73841B0067F319 /* Main.storyboard */,
				FB4351261F73841B0067F319 /* Assets.xcassets */,
				FB4351281F73841B0067F319 /* LaunchScreen.storyboard */,
				FB43512B1F73841B0067F319 /* Info.plist */,
			);
			path = IosStartUpKit;
			sourceTree = "<group>";
		};
/* End PBXGroup section */

/* Begin PBXNativeTarget section */
		FB43511B1F73841B0067F319 /* IosStartUpKit */ = {
			isa = PBXNativeTarget;
			buildConfigurationList = FB43512E1F73841B0067F319 /* Build configuration list for PBXNativeTarget "IosStartUpKit" */;
			buildPhases = (
				FB4351181F73841B0067F319 /* Sources */,
				FB4351191F73841B0067F319 /* Frameworks */,
				FB43511A1F73841B0067F319 /* Resources */,
			);
			buildRules = (
			);
			dependencies = (
			);
			name = IosStartUpKit;
			productName = IosStartUpKit;
			productReference = FB43511C1F73841B0067F319 /* IosStartUpKit.app */;
			productType = "com.apple.product-type.application";
		};
/* End PBXNativeTarget section */

/* Begin PBXProject section */
		FB4351141F73841B0067F319 /* Project object */ = {
			isa = PBXProject;
			attributes = {
				LastSwiftUpdateCheck = 0830;
				LastUpgradeCheck = 0830;
				ORGANIZATIONNAME = HandySolver;
				TargetAttributes = {
					FB43511B1F73841B0067F319 = {
						CreatedOnToolsVersion = 8.3.3;
						DevelopmentTeam = HD36U2CY2Q;
						ProvisioningStyle = Automatic;
					};
				};
			};
			buildConfigurationList = FB4351171F73841B0067F319 /* Build configuration list for PBXProject "IosStartUpKit" */;
			compatibilityVersion = "Xcode 3.2";
			developmentRegion = English;
			hasScannedForEncodings = 0;
			knownRegions = (
				en,
				Base,
			);
			mainGroup = FB4351131F73841B0067F319;
			productRefGroup = FB43511D1F73841B0067F319 /* Products */;
			projectDirPath = "";
			projectRoot = "";
			targets = (
				FB43511B1F73841B0067F319 /* IosStartUpKit */,
			);
		};
/* End PBXProject section */

/* Begin PBXResourcesBuildPhase section */
		FB43511A1F73841B0067F319 /* Resources */ = {
			isa = PBXResourcesBuildPhase;
			buildActionMask = 2147483647;
			files = (
				FB43512A1F73841B0067F319 /* LaunchScreen.storyboard in Resources */,
				FB4351271F73841B0067F319 /* Assets.xcassets in Resources */,
				FB4351251F73841B0067F319 /* Main.storyboard in Resources */,
			);
			runOnlyForDeploymentPostprocessing = 0;
		};
/* End PBXResourcesBuildPhase section */

/* Begin PBXSourcesBuildPhase section */
		FB4351181F73841B0067F319 /* Sources */ = {
			isa = PBXSourcesBuildPhase;
			buildActionMask = 2147483647;
			files = (
				FB4351221F73841B0067F319 /* ViewController.swift in Sources */,
				FB4351201F73841B0067F319 /* AppDelegate.swift in Sources */,
			);
			runOnlyForDeploymentPostprocessing = 0;
		};
/* End PBXSourcesBuildPhase section */

/* Begin PBXVariantGroup section */
		FB4351231F73841B0067F319 /* Main.storyboard */ = {
			isa = PBXVariantGroup;
			children = (
				FB4351241F73841B0067F319 /* Base */,
			);
			name = Main.storyboard;
			sourceTree = "<group>";
		};
		FB4351281F73841B0067F319 /* LaunchScreen.storyboard */ = {
			isa = PBXVariantGroup;
			children = (
				FB4351291F73841B0067F319 /* Base */,
			);
			name = LaunchScreen.storyboard;
			sourceTree = "<group>";
		};
/* End PBXVariantGroup section */

/* Begin XCBuildConfiguration section */
		FB43512C1F73841B0067F319 /* Debug */ = {
			isa = XCBuildConfiguration;
			buildSettings = {
				ALWAYS_SEARCH_USER_PATHS = NO;
				CLANG_ANALYZER_NONNULL = YES;
				CLANG_ANALYZER_NUMBER_OBJECT_CONVERSION = YES_AGGRESSIVE;
				CLANG_CXX_LANGUAGE_STANDARD = "gnu++0x";
				CLANG_CXX_LIBRARY = "libc++";
				CLANG_ENABLE_MODULES = YES;
				CLANG_ENABLE_OBJC_ARC = YES;
				CLANG_WARN_BOOL_CONVERSION = YES;
				CLANG_WARN_CONSTANT_CONVERSION = YES;
				CLANG_WARN_DIRECT_OBJC_ISA_USAGE = YES_ERROR;
				CLANG_WARN_DOCUMENTATION_COMMENTS = YES;
				CLANG_WARN_EMPTY_BODY = YES;
				CLANG_WARN_ENUM_CONVERSION = YES;
				CLANG_WARN_INFINITE_RECURSION = YES;
				CLANG_WARN_INT_CONVERSION = YES;
				CLANG_WARN_OBJC_ROOT_CLASS = YES_ERROR;
				CLANG_WARN_SUSPICIOUS_MOVE = YES;
				CLANG_WARN_UNREACHABLE_CODE = YES;
				CLANG_WARN__DUPLICATE_METHOD_MATCH = YES;
				"CODE_SIGN_IDENTITY[sdk=iphoneos*]" = "iPhone Developer";
				COPY_PHASE_STRIP = NO;
				DEBUG_INFORMATION_FORMAT = dwarf;
				ENABLE_STRICT_OBJC_MSGSEND = YES;
				ENABLE_TESTABILITY = YES;
				GCC_C_LANGUAGE_STANDARD = gnu99;
				GCC_DYNAMIC_NO_PIC = NO;
				GCC_NO_COMMON_BLOCKS = YES;
				GCC_OPTIMIZATION_LEVEL = 0;
				GCC_PREPROCESSOR_DEFINITIONS = (
					"DEBUG=1",
					"$(inherited)",
				);
				GCC_WARN_64_TO_32_BIT_CONVERSION = YES;
				GCC_WARN_ABOUT_RETURN_TYPE = YES_ERROR;
				GCC_WARN_UNDECLARED_SELECTOR = YES;
				GCC_WARN_UNINITIALIZED_AUTOS = YES_AGGRESSIVE;
				GCC_WARN_UNUSED_FUNCTION = YES;
				GCC_WARN_UNUSED_VARIABLE = YES;
				IPHONEOS_DEPLOYMENT_TARGET = 10.3;
				MTL_ENABLE_DEBUG_INFO = YES;
				ONLY_ACTIVE_ARCH = YES;
				SDKROOT = iphoneos;
				SWIFT_ACTIVE_COMPILATION_CONDITIONS = DEBUG;
				SWIFT_OPTIMIZATION_LEVEL = "-Onone";
				TARGETED_DEVICE_FAMILY = "1,2";
			};
			name = Debug;
		};
		FB43512D1F73841B0067F319 /* Release */ = {
			isa = XCBuildConfiguration;
			buildSettings = {
				ALWAYS_SEARCH_USER_PATHS = NO;
				CLANG_ANALYZER_NONNULL = YES;
				CLANG_ANALYZER_NUMBER_OBJECT_CONVERSION = YES_AGGRESSIVE;
				CLANG_CXX_LANGUAGE_STANDARD = "gnu++0x";
				CLANG_CXX_LIBRARY = "libc++";
				CLANG_ENABLE_MODULES = YES;
				CLANG_ENABLE_OBJC_ARC = YES;
				CLANG_WARN_BOOL_CONVERSION = YES;
				CLANG_WARN_CONSTANT_CONVERSION = YES;
				CLANG_WARN_DIRECT_OBJC_ISA_USAGE = YES_ERROR;
				CLANG_WARN_DOCUMENTATION_COMMENTS = YES;
				CLANG_WARN_EMPTY_BODY = YES;
				CLANG_WARN_ENUM_CONVERSION = YES;
				CLANG_WARN_INFINITE_RECURSION = YES;
				CLANG_WARN_INT_CONVERSION = YES;
				CLANG_WARN_OBJC_ROOT_CLASS = YES_ERROR;
				CLANG_WARN_SUSPICIOUS_MOVE = YES;
				CLANG_WARN_UNREACHABLE_CODE = YES;
				CLANG_WARN__DUPLICATE_METHOD_MATCH = YES;
				"CODE_SIGN_IDENTITY[sdk=iphoneos*]" = "iPhone Developer";
				COPY_PHASE_STRIP = NO;
				DEBUG_INFORMATION_FORMAT = "dwarf-with-dsym";
				ENABLE_NS_ASSERTIONS = NO;
				ENABLE_STRICT_OBJC_MSGSEND = YES;
				GCC_C_LANGUAGE_STANDARD = gnu99;
				GCC_NO_COMMON_BLOCKS = YES;
				GCC_WARN_64_TO_32_BIT_CONVERSION = YES;
				GCC_WARN_ABOUT_RETURN_TYPE = YES_ERROR;
				GCC_WARN_UNDECLARED_SELECTOR = YES;
				GCC_WARN_UNINITIALIZED_AUTOS = YES_AGGRESSIVE;
				GCC_WARN_UNUSED_FUNCTION = YES;
				GCC_WARN_UNUSED_VARIABLE = YES;
				IPHONEOS_DEPLOYMENT_TARGET = 10.3;
				MTL_ENABLE_DEBUG_INFO = NO;
				SDKROOT = iphoneos;
				SWIFT_OPTIMIZATION_LEVEL = "-Owholemodule";
				TARGETED_DEVICE_FAMILY = "1,2";
				VALIDATE_PRODUCT = YES;
			};
			name = Release;
		};
		FB43512F1F73841B0067F319 /* Debug */ = {
			isa = XCBuildConfiguration;
			buildSettings = {
				ASSETCATALOG_COMPILER_APPICON_NAME = AppIcon;
				DEVELOPMENT_TEAM = HD36U2CY2Q;
				INFOPLIST_FILE = IosStartUpKit/Info.plist;
				LD_RUNPATH_SEARCH_PATHS = "$(inherited) @executable_path/Frameworks";
				PRODUCT_BUNDLE_IDENTIFIER = owner.handysolver.IosStartUpKit;
				PRODUCT_NAME = "$(TARGET_NAME)";
				SWIFT_VERSION = 3.0;
			};
			name = Debug;
		};
		FB4351301F73841B0067F319 /* Release */ = {
			isa = XCBuildConfiguration;
			buildSettings = {
				ASSETCATALOG_COMPILER_APPICON_NAME = AppIcon;
				DEVELOPMENT_TEAM = HD36U2CY2Q;
				INFOPLIST_FILE = IosStartUpKit/Info.plist;
				LD_RUNPATH_SEARCH_PATHS = "$(inherited) @executable_path/Frameworks";
				PRODUCT_BUNDLE_IDENTIFIER = owner.handysolver.IosStartUpKit;
				PRODUCT_NAME = "$(TARGET_NAME)";
				SWIFT_VERSION = 3.0;
			};
			name = Release;
		};
/* End XCBuildConfiguration section */

/* Begin XCConfigurationList section */
		FB4351171F73841B0067F319 /* Build configuration list for PBXProject "IosStartUpKit" */ = {
			isa = XCConfigurationList;
			buildConfigurations = (
				FB43512C1F73841B0067F319 /* Debug */,
				FB43512D1F73841B0067F319 /* Release */,
			);
			defaultConfigurationIsVisible = 0;
			defaultConfigurationName = Release;
		};
		FB43512E1F73841B0067F319 /* Build configuration list for PBXNativeTarget "IosStartUpKit" */ = {
			isa = XCConfigurationList;
			buildConfigurations = (
				FB43512F1F73841B0067F319 /* Debug */,
				FB4351301F73841B0067F319 /* Release */,
			);
			defaultConfigurationIsVisible = 0;
		};
/* End XCConfigurationList section */
	};
	rootObject = FB4351141F73841B0067F319 /* Project object */;
}
